
Microsoft Visual Studio Solution File, Format Version 12.00
# Visual Studio Version 17
VisualStudioVersion = 17.12.35514.174 d17.12
MinimumVisualStudioVersion = 10.0.40219.1
Project("{FAE04EC0-301F-11D3-BF4B-00C04F79EFBC}") = "CCAD16_Assignment7_2_1", "CCAD16_Assignment7_2_1.csproj", "{7FC4F56A-7653-4F44-8221-6CA8D71DC52F}"
EndProject
Global
	GlobalSection(SolutionConfigurationPlatforms) = preSolution
		Debug|Any CPU = Debug|Any CPU
		Release|Any CPU = Release|Any CPU
	EndGlobalSection
	GlobalSection(ProjectConfigurationPlatforms) = postSolution
		{7FC4F56A-7653-4F44-8221-6CA8D71DC52F}.Debug|Any CPU.ActiveCfg = Debug|Any CPU
		{7FC4F56A-7653-4F44-8221-6CA8D71DC52F}.Debug|Any CPU.Build.0 = Debug|Any CPU
		{7FC4F56A-7653-4F44-8221-6CA8D71DC52F}.Release|Any CPU.ActiveCfg = Release|Any CPU
		{7FC4F56A-7653-4F44-8221-6CA8D71DC52F}.Release|Any CPU.Build.0 = Release|Any CPU
	EndGlobalSection
	GlobalSection(SolutionProperties) = preSolution
		HideSolutionNode = FALSE
	EndGlobalSection
EndGlobal
